
Microsoft Visual Studio Solution File, Format Version 12.00
# Visual Studio Version 17
VisualStudioVersion = 17.1.32210.238
MinimumVisualStudioVersion = 10.0.40219.1
Project("{FAE04EC0-301F-11D3-BF4B-00C04F79EFBC}") = "AggesTest", "AggesTest\AggesTest.csproj", "{6182197B-9556-45DA-A1EA-9D6AFCFCD1FF}"
EndProject
Global
	GlobalSection(SolutionConfigurationPlatforms) = preSolution
		Debug|Any CPU = Debug|Any CPU
		Release|Any CPU = Release|Any CPU
	EndGlobalSection
	GlobalSection(ProjectConfigurationPlatforms) = postSolution
		{6182197B-9556-45DA-A1EA-9D6AFCFCD1FF}.Debug|Any CPU.ActiveCfg = Debug|Any CPU
		{6182197B-9556-45DA-A1EA-9D6AFCFCD1FF}.Debug|Any CPU.Build.0 = Debug|Any CPU
		{6182197B-9556-45DA-A1EA-9D6AFCFCD1FF}.Release|Any CPU.ActiveCfg = Release|Any CPU
		{6182197B-9556-45DA-A1EA-9D6AFCFCD1FF}.Release|Any CPU.Build.0 = Release|Any CPU
	EndGlobalSection
	GlobalSection(SolutionProperties) = preSolution
		HideSolutionNode = FALSE
	EndGlobalSection
	GlobalSection(ExtensibilityGlobals) = postSolution
		SolutionGuid = {F37C8B65-DC1F-4D60-B2B8-8798619F70AB}
	EndGlobalSection
EndGlobal
